// !$*UTF8*$!
{
	archiveVersion = 1;
	classes = {
	};
	objectVersion = 55;
	objects = {

/* Begin PBXBuildFile section */
		A637080F28A491EA0023A560 /* AppDelegate.swift in Sources */ = {isa = PBXBuildFile; fileRef = A637080E28A491EA0023A560 /* AppDelegate.swift */; };
		A637081128A491EA0023A560 /* SceneDelegate.swift in Sources */ = {isa = PBXBuildFile; fileRef = A637081028A491EA0023A560 /* SceneDelegate.swift */; };
		A637081328A491EA0023A560 /* HomePageViewController.swift in Sources */ = {isa = PBXBuildFile; fileRef = A637081228A491EA0023A560 /* HomePageViewController.swift */; };
		A637081628A491EA0023A560 /* Main.storyboard in Resources */ = {isa = PBXBuildFile; fileRef = A637081428A491EA0023A560 /* Main.storyboard */; };
		A637081828A491EB0023A560 /* Assets.xcassets in Resources */ = {isa = PBXBuildFile; fileRef = A637081728A491EB0023A560 /* Assets.xcassets */; };
		A637081B28A491EB0023A560 /* LaunchScreen.storyboard in Resources */ = {isa = PBXBuildFile; fileRef = A637081928A491EB0023A560 /* LaunchScreen.storyboard */; };
		A67C4CE628B2D22F006CFB4C /* README.md in Resources */ = {isa = PBXBuildFile; fileRef = A67C4CE528B2D22F006CFB4C /* README.md */; };
		A6E0EDCA28B2A78F00B82493 /* FinalPageViewController.swift in Sources */ = {isa = PBXBuildFile; fileRef = A6E0EDC928B2A78F00B82493 /* FinalPageViewController.swift */; };
		A6E0EDCC28B2BA7600B82493 /* ImagePredictor.swift in Sources */ = {isa = PBXBuildFile; fileRef = A6E0EDCB28B2BA7600B82493 /* ImagePredictor.swift */; };
		A6E0EDCE28B2BAB600B82493 /* MobileNetV2.mlmodel in Sources */ = {isa = PBXBuildFile; fileRef = A6E0EDCD28B2BAB600B82493 /* MobileNetV2.mlmodel */; };
		A6E0EDD028B2BC7400B82493 /* CGImageProperty.swift in Sources */ = {isa = PBXBuildFile; fileRef = A6E0EDCF28B2BC7400B82493 /* CGImageProperty.swift */; };
		A6E0EDD228B2BCA500B82493 /* VNClassification.swift in Sources */ = {isa = PBXBuildFile; fileRef = A6E0EDD128B2BCA500B82493 /* VNClassification.swift */; };
/* End PBXBuildFile section */

/* Begin PBXFileReference section */
		A637080B28A491EA0023A560 /* PicClassifier.app */ = {isa = PBXFileReference; explicitFileType = wrapper.application; includeInIndex = 0; path = PicClassifier.app; sourceTree = BUILT_PRODUCTS_DIR; };
		A637080E28A491EA0023A560 /* AppDelegate.swift */ = {isa = PBXFileReference; lastKnownFileType = sourcecode.swift; path = AppDelegate.swift; sourceTree = "<group>"; };
		A637081028A491EA0023A560 /* SceneDelegate.swift */ = {isa = PBXFileReference; lastKnownFileType = sourcecode.swift; path = SceneDelegate.swift; sourceTree = "<group>"; };
		A637081228A491EA0023A560 /* HomePageViewController.swift */ = {isa = PBXFileReference; lastKnownFileType = sourcecode.swift; path = HomePageViewController.swift; sourceTree = "<group>"; };
		A637081528A491EA0023A560 /* Base */ = {isa = PBXFileReference; lastKnownFileType = file.storyboard; name = Base; path = Base.lproj/Main.storyboard; sourceTree = "<group>"; };
		A637081728A491EB0023A560 /* Assets.xcassets */ = {isa = PBXFileReference; lastKnownFileType = folder.assetcatalog; path = Assets.xcassets; sourceTree = "<group>"; };
		A637081A28A491EB0023A560 /* Base */ = {isa = PBXFileReference; lastKnownFileType = file.storyboard; name = Base; path = Base.lproj/LaunchScreen.storyboard; sourceTree = "<group>"; };
		A637081C28A491EB0023A560 /* Info.plist */ = {isa = PBXFileReference; lastKnownFileType = text.plist.xml; path = Info.plist; sourceTree = "<group>"; };
		A67C4CE528B2D22F006CFB4C /* README.md */ = {isa = PBXFileReference; fileEncoding = 4; lastKnownFileType = net.daringfireball.markdown; path = README.md; sourceTree = SOURCE_ROOT; };
		A6E0EDC928B2A78F00B82493 /* FinalPageViewController.swift */ = {isa = PBXFileReference; lastKnownFileType = sourcecode.swift; path = FinalPageViewController.swift; sourceTree = "<group>"; };
		A6E0EDCB28B2BA7600B82493 /* ImagePredictor.swift */ = {isa = PBXFileReference; lastKnownFileType = sourcecode.swift; path = ImagePredictor.swift; sourceTree = "<group>"; };
		A6E0EDCD28B2BAB600B82493 /* MobileNetV2.mlmodel */ = {isa = PBXFileReference; lastKnownFileType = file.mlmodel; path = MobileNetV2.mlmodel; sourceTree = "<group>"; };
		A6E0EDCF28B2BC7400B82493 /* CGImageProperty.swift */ = {isa = PBXFileReference; lastKnownFileType = sourcecode.swift; path = CGImageProperty.swift; sourceTree = "<group>"; };
		A6E0EDD128B2BCA500B82493 /* VNClassification.swift */ = {isa = PBXFileReference; lastKnownFileType = sourcecode.swift; path = VNClassification.swift; sourceTree = "<group>"; };
/* End PBXFileReference section */

/* Begin PBXFrameworksBuildPhase section */
		A637080828A491EA0023A560 /* Frameworks */ = {
			isa = PBXFrameworksBuildPhase;
			buildActionMask = 2147483647;
			files = (
			);
			runOnlyForDeploymentPostprocessing = 0;
		};
/* End PBXFrameworksBuildPhase section */

/* Begin PBXGroup section */
		A637080228A491EA0023A560 = {
			isa = PBXGroup;
			children = (
				A637080D28A491EA0023A560 /* PicClassifier */,
				A637080C28A491EA0023A560 /* Products */,
			);
			sourceTree = "<group>";
		};
		A637080C28A491EA0023A560 /* Products */ = {
			isa = PBXGroup;
			children = (
				A637080B28A491EA0023A560 /* PicClassifier.app */,
			);
			name = Products;
			sourceTree = "<group>";
		};
		A637080D28A491EA0023A560 /* PicClassifier */ = {
			isa = PBXGroup;
			children = (
				A67C4CE528B2D22F006CFB4C /* README.md */,
				A6E0EDCD28B2BAB600B82493 /* MobileNetV2.mlmodel */,
				A6E0EDCB28B2BA7600B82493 /* ImagePredictor.swift */,
				A637080E28A491EA0023A560 /* AppDelegate.swift */,
				A637081028A491EA0023A560 /* SceneDelegate.swift */,
				A637081228A491EA0023A560 /* HomePageViewController.swift */,
				A637081428A491EA0023A560 /* Main.storyboard */,
				A637081728A491EB0023A560 /* Assets.xcassets */,
				A637081928A491EB0023A560 /* LaunchScreen.storyboard */,
				A637081C28A491EB0023A560 /* Info.plist */,
				A6E0EDC928B2A78F00B82493 /* FinalPageViewController.swift */,
				A6E0EDCF28B2BC7400B82493 /* CGImageProperty.swift */,
				A6E0EDD128B2BCA500B82493 /* VNClassification.swift */,
			);
			path = PicClassifier;
			sourceTree = "<group>";
		};
/* End PBXGroup section */

/* Begin PBXNativeTarget section */
		A637080A28A491EA0023A560 /* PicClassifier */ = {
			isa = PBXNativeTarget;
			buildConfigurationList = A637081F28A491EB0023A560 /* Build configuration list for PBXNativeTarget "PicClassifier" */;
			buildPhases = (
				A637080728A491EA0023A560 /* Sources */,
				A637080828A491EA0023A560 /* Frameworks */,
				A637080928A491EA0023A560 /* Resources */,
			);
			buildRules = (
			);
			dependencies = (
			);
			name = PicClassifier;
			productName = Pic2Art;
			productReference = A637080B28A491EA0023A560 /* PicClassifier.app */;
			productType = "com.apple.product-type.application";
		};
/* End PBXNativeTarget section */

/* Begin PBXProject section */
		A637080328A491EA0023A560 /* Project object */ = {
			isa = PBXProject;
			attributes = {
				BuildIndependentTargetsInParallel = 1;
				LastSwiftUpdateCheck = 1340;
				LastUpgradeCheck = 1340;
				TargetAttributes = {
					A637080A28A491EA0023A560 = {
						CreatedOnToolsVersion = 13.4.1;
					};
				};
			};
			buildConfigurationList = A637080628A491EA0023A560 /* Build configuration list for PBXProject "PicClassifier" */;
			compatibilityVersion = "Xcode 13.0";
			developmentRegion = en;
			hasScannedForEncodings = 0;
			knownRegions = (
				en,
				Base,
			);
			mainGroup = A637080228A491EA0023A560;
			productRefGroup = A637080C28A491EA0023A560 /* Products */;
			projectDirPath = "";
			projectRoot = "";
			targets = (
				A637080A28A491EA0023A560 /* PicClassifier */,
			);
		};
/* End PBXProject section */

/* Begin PBXResourcesBuildPhase section */
		A637080928A491EA0023A560 /* Resources */ = {
			isa = PBXResourcesBuildPhase;
			buildActionMask = 2147483647;
			files = (
				A637081B28A491EB0023A560 /* LaunchScreen.storyboard in Resources */,
				A637081828A491EB0023A560 /* Assets.xcassets in Resources */,
				A67C4CE628B2D22F006CFB4C /* README.md in Resources */,
				A637081628A491EA0023A560 /* Main.storyboard in Resources */,
			);
			runOnlyForDeploymentPostprocessing = 0;
		};
/* End PBXResourcesBuildPhase section */

/* Begin PBXSourcesBuildPhase section */
		A637080728A491EA0023A560 /* Sources */ = {
			isa = PBXSourcesBuildPhase;
			buildActionMask = 2147483647;
			files = (
				A6E0EDCE28B2BAB600B82493 /* MobileNetV2.mlmodel in Sources */,
				A6E0EDD228B2BCA500B82493 /* VNClassification.swift in Sources */,
				A637081328A491EA0023A560 /* HomePageViewController.swift in Sources */,
				A6E0EDCA28B2A78F00B82493 /* FinalPageViewController.swift in Sources */,
				A637080F28A491EA0023A560 /* AppDelegate.swift in Sources */,
				A637081128A491EA0023A560 /* SceneDelegate.swift in Sources */,
				A6E0EDD028B2BC7400B82493 /* CGImageProperty.swift in Sources */,
				A6E0EDCC28B2BA7600B82493 /* ImagePredictor.swift in Sources */,
			);
			runOnlyForDeploymentPostprocessing = 0;
		};
/* End PBXSourcesBuildPhase section */

/* Begin PBXVariantGroup section */
		A637081428A491EA0023A560 /* Main.storyboard */ = {
			isa = PBXVariantGroup;
			children = (
				A637081528A491EA0023A560 /* Base */,
			);
			name = Main.storyboard;
			sourceTree = "<group>";
		};
		A637081928A491EB0023A560 /* LaunchScreen.storyboard */ = {
			isa = PBXVariantGroup;
			children = (
				A637081A28A491EB0023A560 /* Base */,
			);
			name = LaunchScreen.storyboard;
			sourceTree = "<group>";
		};
/* End PBXVariantGroup section */

/* Begin XCBuildConfiguration section */
		A637081D28A491EB0023A560 /* Debug */ = {
			isa = XCBuildConfiguration;
			buildSettings = {
				ALWAYS_SEARCH_USER_PATHS = NO;
				CLANG_ANALYZER_NONNULL = YES;
				CLANG_ANALYZER_NUMBER_OBJECT_CONVERSION = YES_AGGRESSIVE;
				CLANG_CXX_LANGUAGE_STANDARD = "gnu++17";
				CLANG_ENABLE_MODULES = YES;
				CLANG_ENABLE_OBJC_ARC = YES;
				CLANG_ENABLE_OBJC_WEAK = YES;
				CLANG_WARN_BLOCK_CAPTURE_AUTORELEASING = YES;
				CLANG_WARN_BOOL_CONVERSION = YES;
				CLANG_WARN_COMMA = YES;
				CLANG_WARN_CONSTANT_CONVERSION = YES;
				CLANG_WARN_DEPRECATED_OBJC_IMPLEMENTATIONS = YES;
				CLANG_WARN_DIRECT_OBJC_ISA_USAGE = YES_ERROR;
				CLANG_WARN_DOCUMENTATION_COMMENTS = YES;
				CLANG_WARN_EMPTY_BODY = YES;
				CLANG_WARN_ENUM_CONVERSION = YES;
				CLANG_WARN_INFINITE_RECURSION = YES;
				CLANG_WARN_INT_CONVERSION = YES;
				CLANG_WARN_NON_LITERAL_NULL_CONVERSION = YES;
				CLANG_WARN_OBJC_IMPLICIT_RETAIN_SELF = YES;
				CLANG_WARN_OBJC_LITERAL_CONVERSION = YES;
				CLANG_WARN_OBJC_ROOT_CLASS = YES_ERROR;
				CLANG_WARN_QUOTED_INCLUDE_IN_FRAMEWORK_HEADER = YES;
				CLANG_WARN_RANGE_LOOP_ANALYSIS = YES;
				CLANG_WARN_STRICT_PROTOTYPES = YES;
				CLANG_WARN_SUSPICIOUS_MOVE = YES;
				CLANG_WARN_UNGUARDED_AVAILABILITY = YES_AGGRESSIVE;
				CLANG_WARN_UNREACHABLE_CODE = YES;
				CLANG_WARN__DUPLICATE_METHOD_MATCH = YES;
				COPY_PHASE_STRIP = NO;
				DEBUG_INFORMATION_FORMAT = dwarf;
				ENABLE_STRICT_OBJC_MSGSEND = YES;
				ENABLE_TESTABILITY = YES;
				GCC_C_LANGUAGE_STANDARD = gnu11;
				GCC_DYNAMIC_NO_PIC = NO;
				GCC_NO_COMMON_BLOCKS = YES;
				GCC_OPTIMIZATION_LEVEL = 0;
				GCC_PREPROCESSOR_DEFINITIONS = (
					"DEBUG=1",
					"$(inherited)",
				);
				GCC_WARN_64_TO_32_BIT_CONVERSION = YES;
				GCC_WARN_ABOUT_RETURN_TYPE = YES_ERROR;
				GCC_WARN_UNDECLARED_SELECTOR = YES;
				GCC_WARN_UNINITIALIZED_AUTOS = YES_AGGRESSIVE;
				GCC_WARN_UNUSED_FUNCTION = YES;
				GCC_WARN_UNUSED_VARIABLE = YES;
				IPHONEOS_DEPLOYMENT_TARGET = 15.0;
				MTL_ENABLE_DEBUG_INFO = INCLUDE_SOURCE;
				MTL_FAST_MATH = YES;
				ONLY_ACTIVE_ARCH = YES;
				SDKROOT = iphoneos;
				SWIFT_ACTIVE_COMPILATION_CONDITIONS = DEBUG;
				SWIFT_OPTIMIZATION_LEVEL = "-Onone";
			};
			name = Debug;
		};
		A637081E28A491EB0023A560 /* Release */ = {
			isa = XCBuildConfiguration;
			buildSettings = {
				ALWAYS_SEARCH_USER_PATHS = NO;
				CLANG_ANALYZER_NONNULL = YES;
				CLANG_ANALYZER_NUMBER_OBJECT_CONVERSION = YES_AGGRESSIVE;
				CLANG_CXX_LANGUAGE_STANDARD = "gnu++17";
				CLANG_ENABLE_MODULES = YES;
				CLANG_ENABLE_OBJC_ARC = YES;
				CLANG_ENABLE_OBJC_WEAK = YES;
				CLANG_WARN_BLOCK_CAPTURE_AUTORELEASING = YES;
				CLANG_WARN_BOOL_CONVERSION = YES;
				CLANG_WARN_COMMA = YES;
				CLANG_WARN_CONSTANT_CONVERSION = YES;
				CLANG_WARN_DEPRECATED_OBJC_IMPLEMENTATIONS = YES;
				CLANG_WARN_DIRECT_OBJC_ISA_USAGE = YES_ERROR;
				CLANG_WARN_DOCUMENTATION_COMMENTS = YES;
				CLANG_WARN_EMPTY_BODY = YES;
				CLANG_WARN_ENUM_CONVERSION = YES;
				CLANG_WARN_INFINITE_RECURSION = YES;
				CLANG_WARN_INT_CONVERSION = YES;
				CLANG_WARN_NON_LITERAL_NULL_CONVERSION = YES;
				CLANG_WARN_OBJC_IMPLICIT_RETAIN_SELF = YES;
				CLANG_WARN_OBJC_LITERAL_CONVERSION = YES;
				CLANG_WARN_OBJC_ROOT_CLASS = YES_ERROR;
				CLANG_WARN_QUOTED_INCLUDE_IN_FRAMEWORK_HEADER = YES;
				CLANG_WARN_RANGE_LOOP_ANALYSIS = YES;
				CLANG_WARN_STRICT_PROTOTYPES = YES;
				CLANG_WARN_SUSPICIOUS_MOVE = YES;
				CLANG_WARN_UNGUARDED_AVAILABILITY = YES_AGGRESSIVE;
				CLANG_WARN_UNREACHABLE_CODE = YES;
				CLANG_WARN__DUPLICATE_METHOD_MATCH = YES;
				COPY_PHASE_STRIP = NO;
				DEBUG_INFORMATION_FORMAT = "dwarf-with-dsym";
				ENABLE_NS_ASSERTIONS = NO;
				ENABLE_STRICT_OBJC_MSGSEND = YES;
				GCC_C_LANGUAGE_STANDARD = gnu11;
				GCC_NO_COMMON_BLOCKS = YES;
				GCC_WARN_64_TO_32_BIT_CONVERSION = YES;
				GCC_WARN_ABOUT_RETURN_TYPE = YES_ERROR;
				GCC_WARN_UNDECLARED_SELECTOR = YES;
				GCC_WARN_UNINITIALIZED_AUTOS = YES_AGGRESSIVE;
				GCC_WARN_UNUSED_FUNCTION = YES;
				GCC_WARN_UNUSED_VARIABLE = YES;
				IPHONEOS_DEPLOYMENT_TARGET = 15.0;
				MTL_ENABLE_DEBUG_INFO = NO;
				MTL_FAST_MATH = YES;
				SDKROOT = iphoneos;
				SWIFT_COMPILATION_MODE = wholemodule;
				SWIFT_OPTIMIZATION_LEVEL = "-O";
				VALIDATE_PRODUCT = YES;
			};
			name = Release;
		};
		A637082028A491EB0023A560 /* Debug */ = {
			isa = XCBuildConfiguration;
			buildSettings = {
				ASSETCATALOG_COMPILER_APPICON_NAME = AppIcon;
				ASSETCATALOG_COMPILER_GLOBAL_ACCENT_COLOR_NAME = AccentColor;
				CODE_SIGN_STYLE = Automatic;
				CURRENT_PROJECT_VERSION = 1;
				DEVELOPMENT_TEAM = T7JJWYNYPL;
				GENERATE_INFOPLIST_FILE = YES;
				INFOPLIST_FILE = PicClassifier/Info.plist;
				INFOPLIST_KEY_CFBundleDisplayName = PicClassifier;
				INFOPLIST_KEY_NSCameraUsageDescription = "Camera is needed for taking a picture.";
				INFOPLIST_KEY_UIApplicationSupportsIndirectInputEvents = YES;
				INFOPLIST_KEY_UILaunchStoryboardName = LaunchScreen;
				INFOPLIST_KEY_UIMainStoryboardFile = Main;
				INFOPLIST_KEY_UISupportedInterfaceOrientations_iPad = "UIInterfaceOrientationPortrait UIInterfaceOrientationPortraitUpsideDown UIInterfaceOrientationLandscapeLeft UIInterfaceOrientationLandscapeRight";
				INFOPLIST_KEY_UISupportedInterfaceOrientations_iPhone = "UIInterfaceOrientationPortrait UIInterfaceOrientationLandscapeLeft UIInterfaceOrientationLandscapeRight";
				IPHONEOS_DEPLOYMENT_TARGET = 15.0;
				LD_RUNPATH_SEARCH_PATHS = (
					"$(inherited)",
					"@executable_path/Frameworks",
				);
				MARKETING_VERSION = 1.0;
				PRODUCT_BUNDLE_IDENTIFIER = Tanya.Pic2Art;
				PRODUCT_NAME = "$(TARGET_NAME)";
				SWIFT_EMIT_LOC_STRINGS = YES;
				SWIFT_VERSION = 5.0;
				TARGETED_DEVICE_FAMILY = 1;
			};
			name = Debug;
		};
		A637082128A491EB0023A560 /* Release */ = {
			isa = XCBuildConfiguration;
			buildSettings = {
				ASSETCATALOG_COMPILER_APPICON_NAME = AppIcon;
				ASSETCATALOG_COMPILER_GLOBAL_ACCENT_COLOR_NAME = AccentColor;
				CODE_SIGN_STYLE = Automatic;
				CURRENT_PROJECT_VERSION = 1;
				DEVELOPMENT_TEAM = T7JJWYNYPL;
				GENERATE_INFOPLIST_FILE = YES;
				INFOPLIST_FILE = PicClassifier/Info.plist;
				INFOPLIST_KEY_CFBundleDisplayName = PicClassifier;
				INFOPLIST_KEY_NSCameraUsageDescription = "Camera is needed for taking a picture.";
				INFOPLIST_KEY_UIApplicationSupportsIndirectInputEvents = YES;
				INFOPLIST_KEY_UILaunchStoryboardName = LaunchScreen;
				INFOPLIST_KEY_UIMainStoryboardFile = Main;
				INFOPLIST_KEY_UISupportedInterfaceOrientations_iPad = "UIInterfaceOrientationPortrait UIInterfaceOrientationPortraitUpsideDown UIInterfaceOrientationLandscapeLeft UIInterfaceOrientationLandscapeRight";
				INFOPLIST_KEY_UISupportedInterfaceOrientations_iPhone = "UIInterfaceOrientationPortrait UIInterfaceOrientationLandscapeLeft UIInterfaceOrientationLandscapeRight";
				IPHONEOS_DEPLOYMENT_TARGET = 15.0;
				LD_RUNPATH_SEARCH_PATHS = (
					"$(inherited)",
					"@executable_path/Frameworks",
				);
				MARKETING_VERSION = 1.0;
				PRODUCT_BUNDLE_IDENTIFIER = Tanya.Pic2Art;
				PRODUCT_NAME = "$(TARGET_NAME)";
				SWIFT_EMIT_LOC_STRINGS = YES;
				SWIFT_VERSION = 5.0;
				TARGETED_DEVICE_FAMILY = 1;
			};
			name = Release;
		};
/* End XCBuildConfiguration section */

/* Begin XCConfigurationList section */
		A637080628A491EA0023A560 /* Build configuration list for PBXProject "PicClassifier" */ = {
			isa = XCConfigurationList;
			buildConfigurations = (
				A637081D28A491EB0023A560 /* Debug */,
				A637081E28A491EB0023A560 /* Release */,
			);
			defaultConfigurationIsVisible = 0;
			defaultConfigurationName = Release;
		};
		A637081F28A491EB0023A560 /* Build configuration list for PBXNativeTarget "PicClassifier" */ = {
			isa = XCConfigurationList;
			buildConfigurations = (
				A637082028A491EB0023A560 /* Debug */,
				A637082128A491EB0023A560 /* Release */,
			);
			defaultConfigurationIsVisible = 0;
			defaultConfigurationName = Release;
		};
/* End XCConfigurationList section */
	};
	rootObject = A637080328A491EA0023A560 /* Project object */;
}
